{
  "name": "iris-elements",
  "version": "1.0.5-0",
  "lockfileVersion": 1,
  "requires": true,
  "dependencies": {
    "@types/estree": {
      "version": "0.0.39",
      "resolved": "http://artifactory-iris.groupement.systeme-u.fr/artifactory/api/npm/npm-registry/@types/estree/-/estree-0.0.39.tgz",
      "integrity": "sha1-4Xfmme4bjCLSMXTKqnQiZEOJUJ8=",
      "dev": true
    },
    "@types/node": {
      "version": "10.12.15",
      "resolved": "http://artifactory-iris.groupement.systeme-u.fr/artifactory/api/npm/npm-registry/@types/node/-/node-10.12.15.tgz",
      "integrity": "sha1-IOhWUbYv2GZW5Xycm8dxqxVwvFk=",
      "dev": true
    },
    "arr-union": {
      "version": "3.1.0",
      "resolved": "http://artifactory-iris.groupement.systeme-u.fr/artifactory/api/npm/npm-registry/arr-union/-/arr-union-3.1.0.tgz",
      "integrity": "sha1-45sJrqne+Gao8gbiiK9jkZuuOcQ=",
      "dev": true
    },
    "async-array-reduce": {
      "version": "0.2.1",
      "resolved": "http://artifactory-iris.groupement.systeme-u.fr/artifactory/api/npm/npm-registry/async-array-reduce/-/async-array-reduce-0.2.1.tgz",
      "integrity": "sha1-yL4BCitc0A3qlsgRFgNGk9/dgtE=",
      "dev": true
    },
    "balanced-match": {
      "version": "1.0.0",
      "resolved": "http://artifactory-iris.groupement.systeme-u.fr/artifactory/api/npm/npm-registry/balanced-match/-/balanced-match-1.0.0.tgz",
      "integrity": "sha1-ibTRmasr7kneFk6gK4nORi1xt2c=",
      "dev": true
    },
    "brace-expansion": {
      "version": "1.1.11",
      "resolved": "http://artifactory-iris.groupement.systeme-u.fr/artifactory/api/npm/npm-registry/brace-expansion/-/brace-expansion-1.1.11.tgz",
      "integrity": "sha1-PH/L9SnYcibz0vUrlm/1Jx60Qd0=",
      "dev": true,
      "requires": {
        "balanced-match": "^1.0.0",
        "concat-map": "0.0.1"
      }
    },
    "commander": {
      "version": "2.13.0",
      "resolved": "http://artifactory-iris.groupement.systeme-u.fr/artifactory/api/npm/npm-registry/commander/-/commander-2.13.0.tgz",
      "integrity": "sha1-aWS8pnaF33wfFDDFhPB9dZeIW5w=",
      "dev": true
    },
    "concat-map": {
      "version": "0.0.1",
      "resolved": "http://artifactory-iris.groupement.systeme-u.fr/artifactory/api/npm/npm-registry/concat-map/-/concat-map-0.0.1.tgz",
      "integrity": "sha1-2Klr13/Wjfd5OnMDajug1UBdR3s=",
      "dev": true
    },
    "expand-tilde": {
      "version": "2.0.2",
      "resolved": "http://artifactory-iris.groupement.systeme-u.fr/artifactory/api/npm/npm-registry/expand-tilde/-/expand-tilde-2.0.2.tgz",
      "integrity": "sha1-l+gBqgUt8CRU3kawK/YhZCzchQI=",
      "dev": true,
      "requires": {
        "homedir-polyfill": "^1.0.1"
      }
    },
    "fs.realpath": {
      "version": "1.0.0",
      "resolved": "http://artifactory-iris.groupement.systeme-u.fr/artifactory/api/npm/npm-registry/fs.realpath/-/fs.realpath-1.0.0.tgz",
      "integrity": "sha1-FQStJSMVjKpA20onh8sBQRmU6k8=",
      "dev": true
    },
    "glob": {
      "version": "7.1.3",
      "resolved": "http://artifactory-iris.groupement.systeme-u.fr/artifactory/api/npm/npm-registry/glob/-/glob-7.1.3.tgz",
      "integrity": "sha1-OWCDLT8VdBCDQtr9OmezMsCWnfE=",
      "dev": true,
      "requires": {
        "fs.realpath": "^1.0.0",
        "inflight": "^1.0.4",
        "inherits": "2",
        "minimatch": "^3.0.4",
        "once": "^1.3.0",
        "path-is-absolute": "^1.0.0"
      }
    },
    "global-modules": {
      "version": "1.0.0",
      "resolved": "http://artifactory-iris.groupement.systeme-u.fr/artifactory/api/npm/npm-registry/global-modules/-/global-modules-1.0.0.tgz",
      "integrity": "sha1-bXcPDrUjrHgWTXK15xqIdyZcw+o=",
      "dev": true,
      "requires": {
        "global-prefix": "^1.0.1",
        "is-windows": "^1.0.1",
        "resolve-dir": "^1.0.0"
      }
    },
    "global-prefix": {
      "version": "1.0.2",
      "resolved": "http://artifactory-iris.groupement.systeme-u.fr/artifactory/api/npm/npm-registry/global-prefix/-/global-prefix-1.0.2.tgz",
      "integrity": "sha1-2/dDxsFJklk8ZVVoy2btMsASLr4=",
      "dev": true,
      "requires": {
        "expand-tilde": "^2.0.2",
        "homedir-polyfill": "^1.0.1",
        "ini": "^1.3.4",
        "is-windows": "^1.0.1",
        "which": "^1.2.14"
      }
    },
    "has-glob": {
      "version": "1.0.0",
      "resolved": "http://artifactory-iris.groupement.systeme-u.fr/artifactory/api/npm/npm-registry/has-glob/-/has-glob-1.0.0.tgz",
      "integrity": "sha1-mqqe7b/7G6OZCnsAEPtnjuAIEgc=",
      "dev": true,
      "requires": {
        "is-glob": "^3.0.0"
      }
    },
    "homedir-polyfill": {
      "version": "1.0.1",
      "resolved": "http://artifactory-iris.groupement.systeme-u.fr/artifactory/api/npm/npm-registry/homedir-polyfill/-/homedir-polyfill-1.0.1.tgz",
      "integrity": "sha1-TCu8inWJmP7r9e1oWA921GdotLw=",
      "dev": true,
      "requires": {
        "parse-passwd": "^1.0.0"
      }
    },
    "inflight": {
      "version": "1.0.6",
      "resolved": "http://artifactory-iris.groupement.systeme-u.fr/artifactory/api/npm/npm-registry/inflight/-/inflight-1.0.6.tgz",
      "integrity": "sha1-Sb1jMdfQLQwJvJEKEHW6gWW1bfk=",
      "dev": true,
      "requires": {
        "once": "^1.3.0",
        "wrappy": "1"
      }
    },
    "inherits": {
      "version": "2.0.3",
      "resolved": "http://artifactory-iris.groupement.systeme-u.fr/artifactory/api/npm/npm-registry/inherits/-/inherits-2.0.3.tgz",
      "integrity": "sha1-Yzwsg+PaQqUC9SRmAiSA9CCCYd4=",
      "dev": true
    },
    "ini": {
      "version": "1.3.5",
      "resolved": "http://artifactory-iris.groupement.systeme-u.fr/artifactory/api/npm/npm-registry/ini/-/ini-1.3.5.tgz",
      "integrity": "sha1-7uJfVtscnsYIXgwid4CD9Zar+Sc=",
      "dev": true
    },
    "is-extglob": {
      "version": "2.1.1",
      "resolved": "http://artifactory-iris.groupement.systeme-u.fr/artifactory/api/npm/npm-registry/is-extglob/-/is-extglob-2.1.1.tgz",
      "integrity": "sha1-qIwCU1eR8C7TfHahueqXc8gz+MI=",
      "dev": true
    },
    "is-glob": {
      "version": "3.1.0",
      "resolved": "http://artifactory-iris.groupement.systeme-u.fr/artifactory/api/npm/npm-registry/is-glob/-/is-glob-3.1.0.tgz",
      "integrity": "sha1-e6WuJCF4BKxwcHuWkiVnSGzD6Eo=",
      "dev": true,
      "requires": {
        "is-extglob": "^2.1.0"
      }
    },
    "is-valid-glob": {
      "version": "1.0.0",
      "resolved": "http://artifactory-iris.groupement.systeme-u.fr/artifactory/api/npm/npm-registry/is-valid-glob/-/is-valid-glob-1.0.0.tgz",
      "integrity": "sha1-Kb8+/3Ab4tTTFdusw5vDn+j2Aao=",
      "dev": true
    },
    "is-windows": {
      "version": "1.0.2",
      "resolved": "http://artifactory-iris.groupement.systeme-u.fr/artifactory/api/npm/npm-registry/is-windows/-/is-windows-1.0.2.tgz",
      "integrity": "sha1-0YUOuXkezRjmGCzhKjDzlmNLsZ0=",
      "dev": true
    },
    "isexe": {
      "version": "2.0.0",
      "resolved": "http://artifactory-iris.groupement.systeme-u.fr/artifactory/api/npm/npm-registry/isexe/-/isexe-2.0.0.tgz",
      "integrity": "sha1-6PvzdNxVb/iUehDcsFctYz8s+hA=",
      "dev": true
    },
    "matched": {
      "version": "1.0.2",
      "resolved": "http://artifactory-iris.groupement.systeme-u.fr/artifactory/api/npm/npm-registry/matched/-/matched-1.0.2.tgz",
      "integrity": "sha1-HZXXfdXxtQdanpSs3lRi/9hfMXo=",
      "dev": true,
      "requires": {
        "arr-union": "^3.1.0",
        "async-array-reduce": "^0.2.1",
        "glob": "^7.1.2",
        "has-glob": "^1.0.0",
        "is-valid-glob": "^1.0.0",
        "resolve-dir": "^1.0.0"
      }
    },
    "minimatch": {
      "version": "3.0.4",
      "resolved": "http://artifactory-iris.groupement.systeme-u.fr/artifactory/api/npm/npm-registry/minimatch/-/minimatch-3.0.4.tgz",
      "integrity": "sha1-UWbihkV/AzBgZL5Ul+jbsMPTIIM=",
      "dev": true,
      "requires": {
        "brace-expansion": "^1.1.7"
      }
    },
    "once": {
      "version": "1.4.0",
      "resolved": "http://artifactory-iris.groupement.systeme-u.fr/artifactory/api/npm/npm-registry/once/-/once-1.4.0.tgz",
      "integrity": "sha1-WDsap3WWHUsROsF9nFC6753Xa9E=",
      "dev": true,
      "requires": {
        "wrappy": "1"
      }
    },
    "parse-passwd": {
      "version": "1.0.0",
      "resolved": "http://artifactory-iris.groupement.systeme-u.fr/artifactory/api/npm/npm-registry/parse-passwd/-/parse-passwd-1.0.0.tgz",
      "integrity": "sha1-bVuTSkVpk7I9N/QKOC1vFmao5cY=",
      "dev": true
    },
    "path-is-absolute": {
      "version": "1.0.1",
      "resolved": "http://artifactory-iris.groupement.systeme-u.fr/artifactory/api/npm/npm-registry/path-is-absolute/-/path-is-absolute-1.0.1.tgz",
      "integrity": "sha1-F0uSaHNVNP+8es5r9TpanhtcX18=",
      "dev": true
    },
    "resolve-dir": {
      "version": "1.0.1",
      "resolved": "http://artifactory-iris.groupement.systeme-u.fr/artifactory/api/npm/npm-registry/resolve-dir/-/resolve-dir-1.0.1.tgz",
      "integrity": "sha1-eaQGRMNivoLybv/nOcm7U4IEb0M=",
      "dev": true,
      "requires": {
        "expand-tilde": "^2.0.0",
        "global-modules": "^1.0.0"
      }
    },
    "rollup": {
      "version": "0.67.4",
      "resolved": "http://artifactory-iris.groupement.systeme-u.fr/artifactory/api/npm/npm-registry/rollup/-/rollup-0.67.4.tgz",
      "integrity": "sha1-jtawmTM3+E7IoDh/gk+mwZfoM+w=",
      "dev": true,
      "requires": {
        "@types/estree": "0.0.39",
        "@types/node": "*"
      }
    },
    "rollup-plugin-minify-es": {
      "version": "1.1.1",
      "resolved": "http://artifactory-iris.groupement.systeme-u.fr/artifactory/api/npm/npm-registry/rollup-plugin-minify-es/-/rollup-plugin-minify-es-1.1.1.tgz",
      "integrity": "sha1-OYYQBLE8vG+QjmEQIZduKP3oxmA=",
      "dev": true,
      "requires": {
        "uglify-es": "^3.1.0"
      }
    },
    "rollup-plugin-multi-entry": {
      "version": "2.1.0",
      "resolved": "http://artifactory-iris.groupement.systeme-u.fr/artifactory/api/npm/npm-registry/rollup-plugin-multi-entry/-/rollup-plugin-multi-entry-2.1.0.tgz",
      "integrity": "sha1-ZKcoet/UN8qzO/Y2So2Kseencl0=",
      "dev": true,
      "requires": {
        "matched": "^1.0.2"
      }
    },
    "source-map": {
      "version": "0.6.1",
      "resolved": "http://artifactory-iris.groupement.systeme-u.fr/artifactory/api/npm/npm-registry/source-map/-/source-map-0.6.1.tgz",
      "integrity": "sha1-dHIq8y6WFOnCh6jQu95IteLxomM=",
      "dev": true
    },
    "uglify-es": {
      "version": "3.3.9",
      "resolved": "http://artifactory-iris.groupement.systeme-u.fr/artifactory/api/npm/npm-registry/uglify-es/-/uglify-es-3.3.9.tgz",
      "integrity": "sha1-DBxPBwC+2NvBJM2zBNJZLKID5nc=",
      "dev": true,
      "requires": {
        "commander": "~2.13.0",
        "source-map": "~0.6.1"
      }
    },
    "which": {
      "version": "1.3.1",
      "resolved": "http://artifactory-iris.groupement.systeme-u.fr/artifactory/api/npm/npm-registry/which/-/which-1.3.1.tgz",
      "integrity": "sha1-pFBD1U9YBTFtqNYvn1CRjT2nCwo=",
      "dev": true,
      "requires": {
        "isexe": "^2.0.0"
      }
    },
    "wrappy": {
      "version": "1.0.2",
      "resolved": "http://artifactory-iris.groupement.systeme-u.fr/artifactory/api/npm/npm-registry/wrappy/-/wrappy-1.0.2.tgz",
      "integrity": "sha1-tSQ9jz7BqjXxNkYFvA0QNuMKtp8=",
      "dev": true
    }
  }
}
